
Microsoft Visual Studio Solution File, Format Version 12.00
# Visual Studio Version 16
VisualStudioVersion = 16.0.28803.156
MinimumVisualStudioVersion = 10.0.40219.1
Project("{888888A0-9F3D-457C-B088-3A5042F75D52}") = "extensionC3A", "extensionC3A.pyproj", "{8B317197-2B1E-4833-9174-C14D61084BDC}"
EndProject
Global
	GlobalSection(SolutionConfigurationPlatforms) = preSolution
		Debug|Any CPU = Debug|Any CPU
		Release|Any CPU = Release|Any CPU
	EndGlobalSection
	GlobalSection(ProjectConfigurationPlatforms) = postSolution
		{8B317197-2B1E-4833-9174-C14D61084BDC}.Debug|Any CPU.ActiveCfg = Debug|Any CPU
		{8B317197-2B1E-4833-9174-C14D61084BDC}.Release|Any CPU.ActiveCfg = Release|Any CPU
	EndGlobalSection
	GlobalSection(SolutionProperties) = preSolution
		HideSolutionNode = FALSE
	EndGlobalSection
	GlobalSection(ExtensibilityGlobals) = postSolution
		SolutionGuid = {38553050-A21B-464F-A80C-F55FB4036360}
	EndGlobalSection
EndGlobal
