
Microsoft Visual Studio Solution File, Format Version 12.00
# Visual Studio Version 16
VisualStudioVersion = 16.0.28803.156
MinimumVisualStudioVersion = 10.0.40219.1
Project("{888888A0-9F3D-457C-B088-3A5042F75D52}") = "tkinter_test", "tkinter_test.pyproj", "{EB9DEDC6-D5AB-43FC-AF95-1DB4F5DFA6EE}"
EndProject
Global
	GlobalSection(SolutionConfigurationPlatforms) = preSolution
		Debug|Any CPU = Debug|Any CPU
		Release|Any CPU = Release|Any CPU
	EndGlobalSection
	GlobalSection(ProjectConfigurationPlatforms) = postSolution
		{EB9DEDC6-D5AB-43FC-AF95-1DB4F5DFA6EE}.Debug|Any CPU.ActiveCfg = Debug|Any CPU
		{EB9DEDC6-D5AB-43FC-AF95-1DB4F5DFA6EE}.Release|Any CPU.ActiveCfg = Release|Any CPU
	EndGlobalSection
	GlobalSection(SolutionProperties) = preSolution
		HideSolutionNode = FALSE
	EndGlobalSection
	GlobalSection(ExtensibilityGlobals) = postSolution
		SolutionGuid = {58DC2D09-FA9E-4546-8D61-F108C5834346}
	EndGlobalSection
EndGlobal
